Microsoft Visual Studio Solution File, Format Version 12.00
# Visual Studio Version 17
VisualStudioVersion = 17.5.2.0
MinimumVisualStudioVersion = 10.0.40219.1
Project("{FAE04EC0-301F-11D3-BF4B-00C04F79EFBC}") = "the-final-battle", "the-final-battle.csproj", "{0AE9D162-B8E5-2C19-13DD-242E905EC4D2}"
EndProject
Global
	GlobalSection(SolutionConfigurationPlatforms) = preSolution
		Debug|Any CPU = Debug|Any CPU
		Release|Any CPU = Release|Any CPU
	EndGlobalSection
	GlobalSection(ProjectConfigurationPlatforms) = postSolution
		{0AE9D162-B8E5-2C19-13DD-242E905EC4D2}.Debug|Any CPU.ActiveCfg = Debug|Any CPU
		{0AE9D162-B8E5-2C19-13DD-242E905EC4D2}.Debug|Any CPU.Build.0 = Debug|Any CPU
		{0AE9D162-B8E5-2C19-13DD-242E905EC4D2}.Release|Any CPU.ActiveCfg = Release|Any CPU
		{0AE9D162-B8E5-2C19-13DD-242E905EC4D2}.Release|Any CPU.Build.0 = Release|Any CPU
	EndGlobalSection
	GlobalSection(SolutionProperties) = preSolution
		HideSolutionNode = FALSE
	EndGlobalSection
	GlobalSection(ExtensibilityGlobals) = postSolution
		SolutionGuid = {4DFFD624-A724-42CA-87AA-2E19BCB87FDB}
	EndGlobalSection
EndGlobal
